{
  "name": "assets",
  "lockfileVersion": 2,
  "requires": true,
  "packages": {
    "": {
      "dependencies": {
        "topbar": "^1.0.1"
      },
      "devDependencies": {
        "phoenix": "^1.7.0-rc.2",
        "phoenix_html": "^3.2.0",
        "phoenix_live_view": "^0.18.11"
      }
    },
    "node_modules/phoenix": {
      "version": "1.7.0-rc.2",
      "resolved": "https://registry.npmjs.org/phoenix/-/phoenix-1.7.0-rc.2.tgz",
      "integrity": "sha512-05DaSo/ws2VtieY3Z6CJVx36DyhTil6/KesK1a4JlQPxYgNHZn7swv7R/R7etoN8SGtEjMV/a9HBkPS5wF/Xdg==",
      "dev": true
    },
    "node_modules/phoenix_html": {
      "version": "3.2.0",
      "resolved": "https://registry.npmjs.org/phoenix_html/-/phoenix_html-3.2.0.tgz",
      "integrity": "sha512-zv7PIZk0MPkF0ax8n465Q6w86+sGAy5cTem6KcbkUbdgxGc0y3WZmzkM2bSlYdSGbLEZfjXxos1G72xXsha6xA==",
      "dev": true
    },
    "node_modules/phoenix_live_view": {
      "version": "0.18.11",
      "resolved": "https://registry.npmjs.org/phoenix_live_view/-/phoenix_live_view-0.18.11.tgz",
      "integrity": "sha512-p/mBu/O3iVLvAreUoDeSZ4/myQJJeR8BH7Yu9LVCMI2xe2IZ2mffxtDGJb0mxnJrUQa7p03HHNlKGXj7LSJDdg==",
      "dev": true
    },
    "node_modules/topbar": {
      "version": "1.0.1",
      "resolved": "https://registry.npmjs.org/topbar/-/topbar-1.0.1.tgz",
      "integrity": "sha512-HZqQSMBiG29vcjOrqKCM9iGY/h69G5gQH7ae83ZCPz5uPmbQKwK0sMEqzVDBiu64tWHJ+kk9NApECrF+FAAvRA=="
    }
  },
  "dependencies": {
    "phoenix": {
      "version": "1.7.0-rc.2",
      "resolved": "https://registry.npmjs.org/phoenix/-/phoenix-1.7.0-rc.2.tgz",
      "integrity": "sha512-05DaSo/ws2VtieY3Z6CJVx36DyhTil6/KesK1a4JlQPxYgNHZn7swv7R/R7etoN8SGtEjMV/a9HBkPS5wF/Xdg==",
      "dev": true
    },
    "phoenix_html": {
      "version": "3.2.0",
      "resolved": "https://registry.npmjs.org/phoenix_html/-/phoenix_html-3.2.0.tgz",
      "integrity": "sha512-zv7PIZk0MPkF0ax8n465Q6w86+sGAy5cTem6KcbkUbdgxGc0y3WZmzkM2bSlYdSGbLEZfjXxos1G72xXsha6xA==",
      "dev": true
    },
    "phoenix_live_view": {
      "version": "0.18.11",
      "resolved": "https://registry.npmjs.org/phoenix_live_view/-/phoenix_live_view-0.18.11.tgz",
      "integrity": "sha512-p/mBu/O3iVLvAreUoDeSZ4/myQJJeR8BH7Yu9LVCMI2xe2IZ2mffxtDGJb0mxnJrUQa7p03HHNlKGXj7LSJDdg==",
      "dev": true
    },
    "topbar": {
      "version": "1.0.1",
      "resolved": "https://registry.npmjs.org/topbar/-/topbar-1.0.1.tgz",
      "integrity": "sha512-HZqQSMBiG29vcjOrqKCM9iGY/h69G5gQH7ae83ZCPz5uPmbQKwK0sMEqzVDBiu64tWHJ+kk9NApECrF+FAAvRA=="
    }
  }
}
