{
  "name": "assets",
  "lockfileVersion": 2,
  "requires": true,
  "packages": {
    "": {
      "dependencies": {
        "alpinejs": "^3.11.1"
      },
      "devDependencies": {
        "phoenix": "^1.6.15",
        "phoenix_html": "^3.2.0",
        "phoenix_live_view": "^0.18.11"
      }
    },
    "node_modules/@vue/reactivity": {
      "version": "3.1.5",
      "resolved": "https://registry.npmjs.org/@vue/reactivity/-/reactivity-3.1.5.tgz",
      "integrity": "sha512-1tdfLmNjWG6t/CsPldh+foumYFo3cpyCHgBYQ34ylaMsJ+SNHQ1kApMIa8jN+i593zQuaw3AdWH0nJTARzCFhg==",
      "dependencies": {
        "@vue/shared": "3.1.5"
      }
    },
    "node_modules/@vue/shared": {
      "version": "3.1.5",
      "resolved": "https://registry.npmjs.org/@vue/shared/-/shared-3.1.5.tgz",
      "integrity": "sha512-oJ4F3TnvpXaQwZJNF3ZK+kLPHKarDmJjJ6jyzVNDKH9md1dptjC7lWR//jrGuLdek/U6iltWxqAnYOu8gCiOvA=="
    },
    "node_modules/alpinejs": {
      "version": "3.11.1",
      "resolved": "https://registry.npmjs.org/alpinejs/-/alpinejs-3.11.1.tgz",
      "integrity": "sha512-0Y+4WKQcEZrvpfS98qeSOXCPXFPorULQ+1hc8lQrx+1HHzkUofD4HzjTfz+wimA5tSsGnpXz/SoF2P9saiXZCw==",
      "dependencies": {
        "@vue/reactivity": "~3.1.1"
      }
    },
    "node_modules/phoenix": {
      "version": "1.6.15",
      "resolved": "https://registry.npmjs.org/phoenix/-/phoenix-1.6.15.tgz",
      "integrity": "sha512-O6AG5jTkZOOkdd/GOSCsM4v3bzBoyRnC5bEi57KhX/Daba6FvnBRzt0nhEeRRiVQGLSxDlyb0dUe9CkYWMZd8g==",
      "dev": true
    },
    "node_modules/phoenix_html": {
      "version": "3.2.0",
      "resolved": "https://registry.npmjs.org/phoenix_html/-/phoenix_html-3.2.0.tgz",
      "integrity": "sha512-zv7PIZk0MPkF0ax8n465Q6w86+sGAy5cTem6KcbkUbdgxGc0y3WZmzkM2bSlYdSGbLEZfjXxos1G72xXsha6xA==",
      "dev": true
    },
    "node_modules/phoenix_live_view": {
      "version": "0.18.11",
      "resolved": "https://registry.npmjs.org/phoenix_live_view/-/phoenix_live_view-0.18.11.tgz",
      "integrity": "sha512-p/mBu/O3iVLvAreUoDeSZ4/myQJJeR8BH7Yu9LVCMI2xe2IZ2mffxtDGJb0mxnJrUQa7p03HHNlKGXj7LSJDdg==",
      "dev": true
    }
  },
  "dependencies": {
    "@vue/reactivity": {
      "version": "3.1.5",
      "resolved": "https://registry.npmjs.org/@vue/reactivity/-/reactivity-3.1.5.tgz",
      "integrity": "sha512-1tdfLmNjWG6t/CsPldh+foumYFo3cpyCHgBYQ34ylaMsJ+SNHQ1kApMIa8jN+i593zQuaw3AdWH0nJTARzCFhg==",
      "requires": {
        "@vue/shared": "3.1.5"
      }
    },
    "@vue/shared": {
      "version": "3.1.5",
      "resolved": "https://registry.npmjs.org/@vue/shared/-/shared-3.1.5.tgz",
      "integrity": "sha512-oJ4F3TnvpXaQwZJNF3ZK+kLPHKarDmJjJ6jyzVNDKH9md1dptjC7lWR//jrGuLdek/U6iltWxqAnYOu8gCiOvA=="
    },
    "alpinejs": {
      "version": "3.11.1",
      "resolved": "https://registry.npmjs.org/alpinejs/-/alpinejs-3.11.1.tgz",
      "integrity": "sha512-0Y+4WKQcEZrvpfS98qeSOXCPXFPorULQ+1hc8lQrx+1HHzkUofD4HzjTfz+wimA5tSsGnpXz/SoF2P9saiXZCw==",
      "requires": {
        "@vue/reactivity": "~3.1.1"
      }
    },
    "phoenix": {
      "version": "1.6.15",
      "resolved": "https://registry.npmjs.org/phoenix/-/phoenix-1.6.15.tgz",
      "integrity": "sha512-O6AG5jTkZOOkdd/GOSCsM4v3bzBoyRnC5bEi57KhX/Daba6FvnBRzt0nhEeRRiVQGLSxDlyb0dUe9CkYWMZd8g==",
      "dev": true
    },
    "phoenix_html": {
      "version": "3.2.0",
      "resolved": "https://registry.npmjs.org/phoenix_html/-/phoenix_html-3.2.0.tgz",
      "integrity": "sha512-zv7PIZk0MPkF0ax8n465Q6w86+sGAy5cTem6KcbkUbdgxGc0y3WZmzkM2bSlYdSGbLEZfjXxos1G72xXsha6xA==",
      "dev": true
    },
    "phoenix_live_view": {
      "version": "0.18.11",
      "resolved": "https://registry.npmjs.org/phoenix_live_view/-/phoenix_live_view-0.18.11.tgz",
      "integrity": "sha512-p/mBu/O3iVLvAreUoDeSZ4/myQJJeR8BH7Yu9LVCMI2xe2IZ2mffxtDGJb0mxnJrUQa7p03HHNlKGXj7LSJDdg==",
      "dev": true
    }
  }
}
